// !$*UTF8*$!
{
	archiveVersion = 1;
	classes = {
	};
	objectVersion = 56;
	objects = {

/* Begin PBXBuildFile section */
		C886B9992C42C3BF0080CD43 /* MarketMomentumApp.swift in Sources */ = {isa = PBXBuildFile; fileRef = C886B9982C42C3BF0080CD43 /* MarketMomentumApp.swift */; };
		C886B99B2C42C3BF0080CD43 /* ContentView.swift in Sources */ = {isa = PBXBuildFile; fileRef = C886B99A2C42C3BF0080CD43 /* ContentView.swift */; };
		C886B99D2C42C3BF0080CD43 /* Assets.xcassets in Resources */ = {isa = PBXBuildFile; fileRef = C886B99C2C42C3BF0080CD43 /* Assets.xcassets */; };
		C886B9A02C42C3BF0080CD43 /* Preview Assets.xcassets in Resources */ = {isa = PBXBuildFile; fileRef = C886B99F2C42C3BF0080CD43 /* Preview Assets.xcassets */; };
		C886B9A82C42C3FA0080CD43 /* ColorManager.swift in Sources */ = {isa = PBXBuildFile; fileRef = C886B9A72C42C3FA0080CD43 /* ColorManager.swift */; };
		C886B9AB2C42C40D0080CD43 /* Model.swift in Sources */ = {isa = PBXBuildFile; fileRef = C886B9AA2C42C40D0080CD43 /* Model.swift */; };
		C886B9AD2C42C41C0080CD43 /* Stock.swift in Sources */ = {isa = PBXBuildFile; fileRef = C886B9AC2C42C41C0080CD43 /* Stock.swift */; };
		C886B9B12C42C4340080CD43 /* APIKey.swift in Sources */ = {isa = PBXBuildFile; fileRef = C886B9B02C42C4340080CD43 /* APIKey.swift */; };
		C8D0FEF82C456E7A00CCC57E /* Secret.swift in Sources */ = {isa = PBXBuildFile; fileRef = C8D0FEF72C456E7A00CCC57E /* Secret.swift */; };
		C8D0FEFB2C456F5200CCC57E /* ChartView.swift in Sources */ = {isa = PBXBuildFile; fileRef = C8D0FEFA2C456F5200CCC57E /* ChartView.swift */; };
/* End PBXBuildFile section */

/* Begin PBXFileReference section */
		C886B9952C42C3BF0080CD43 /* MarketMomentum.app */ = {isa = PBXFileReference; explicitFileType = wrapper.application; includeInIndex = 0; path = MarketMomentum.app; sourceTree = BUILT_PRODUCTS_DIR; };
		C886B9982C42C3BF0080CD43 /* MarketMomentumApp.swift */ = {isa = PBXFileReference; lastKnownFileType = sourcecode.swift; path = MarketMomentumApp.swift; sourceTree = "<group>"; };
		C886B99A2C42C3BF0080CD43 /* ContentView.swift */ = {isa = PBXFileReference; lastKnownFileType = sourcecode.swift; path = ContentView.swift; sourceTree = "<group>"; };
		C886B99C2C42C3BF0080CD43 /* Assets.xcassets */ = {isa = PBXFileReference; lastKnownFileType = folder.assetcatalog; path = Assets.xcassets; sourceTree = "<group>"; };
		C886B99F2C42C3BF0080CD43 /* Preview Assets.xcassets */ = {isa = PBXFileReference; lastKnownFileType = folder.assetcatalog; path = "Preview Assets.xcassets"; sourceTree = "<group>"; };
		C886B9A72C42C3FA0080CD43 /* ColorManager.swift */ = {isa = PBXFileReference; lastKnownFileType = sourcecode.swift; path = ColorManager.swift; sourceTree = "<group>"; };
		C886B9AA2C42C40D0080CD43 /* Model.swift */ = {isa = PBXFileReference; lastKnownFileType = sourcecode.swift; path = Model.swift; sourceTree = "<group>"; };
		C886B9AC2C42C41C0080CD43 /* Stock.swift */ = {isa = PBXFileReference; lastKnownFileType = sourcecode.swift; path = Stock.swift; sourceTree = "<group>"; };
		C886B9B02C42C4340080CD43 /* APIKey.swift */ = {isa = PBXFileReference; lastKnownFileType = sourcecode.swift; path = APIKey.swift; sourceTree = "<group>"; };
		C8D0FEF72C456E7A00CCC57E /* Secret.swift */ = {isa = PBXFileReference; lastKnownFileType = sourcecode.swift; path = Secret.swift; sourceTree = "<group>"; };
		C8D0FEFA2C456F5200CCC57E /* ChartView.swift */ = {isa = PBXFileReference; lastKnownFileType = sourcecode.swift; path = ChartView.swift; sourceTree = "<group>"; };
/* End PBXFileReference section */

/* Begin PBXFrameworksBuildPhase section */
		C886B9922C42C3BF0080CD43 /* Frameworks */ = {
			isa = PBXFrameworksBuildPhase;
			buildActionMask = 2147483647;
			files = (
			);
			runOnlyForDeploymentPostprocessing = 0;
		};
/* End PBXFrameworksBuildPhase section */

/* Begin PBXGroup section */
		C886B98C2C42C3BF0080CD43 = {
			isa = PBXGroup;
			children = (
				C886B9972C42C3BF0080CD43 /* MarketMomentum */,
				C886B9962C42C3BF0080CD43 /* Products */,
			);
			sourceTree = "<group>";
		};
		C886B9962C42C3BF0080CD43 /* Products */ = {
			isa = PBXGroup;
			children = (
				C886B9952C42C3BF0080CD43 /* MarketMomentum.app */,
			);
			name = Products;
			sourceTree = "<group>";
		};
		C886B9972C42C3BF0080CD43 /* MarketMomentum */ = {
			isa = PBXGroup;
			children = (
				C8D0FEF92C456F4200CCC57E /* View */,
				C886B9A92C42C4080080CD43 /* Model */,
				C886B9A62C42C3EF0080CD43 /* Modifiers */,
				C886B9982C42C3BF0080CD43 /* MarketMomentumApp.swift */,
				C886B99A2C42C3BF0080CD43 /* ContentView.swift */,
				C886B99C2C42C3BF0080CD43 /* Assets.xcassets */,
				C886B99E2C42C3BF0080CD43 /* Preview Content */,
			);
			path = MarketMomentum;
			sourceTree = "<group>";
		};
		C886B99E2C42C3BF0080CD43 /* Preview Content */ = {
			isa = PBXGroup;
			children = (
				C886B99F2C42C3BF0080CD43 /* Preview Assets.xcassets */,
			);
			path = "Preview Content";
			sourceTree = "<group>";
		};
		C886B9A62C42C3EF0080CD43 /* Modifiers */ = {
			isa = PBXGroup;
			children = (
				C886B9A72C42C3FA0080CD43 /* ColorManager.swift */,
			);
			path = Modifiers;
			sourceTree = "<group>";
		};
		C886B9A92C42C4080080CD43 /* Model */ = {
			isa = PBXGroup;
			children = (
				C886B9AA2C42C40D0080CD43 /* Model.swift */,
				C886B9AC2C42C41C0080CD43 /* Stock.swift */,
				C886B9B02C42C4340080CD43 /* APIKey.swift */,
				C8D0FEF72C456E7A00CCC57E /* Secret.swift */,
			);
			path = Model;
			sourceTree = "<group>";
		};
		C8D0FEF92C456F4200CCC57E /* View */ = {
			isa = PBXGroup;
			children = (
				C8D0FEFA2C456F5200CCC57E /* ChartView.swift */,
			);
			path = View;
			sourceTree = "<group>";
		};
/* End PBXGroup section */

/* Begin PBXNativeTarget section */
		C886B9942C42C3BF0080CD43 /* MarketMomentum */ = {
			isa = PBXNativeTarget;
			buildConfigurationList = C886B9A32C42C3BF0080CD43 /* Build configuration list for PBXNativeTarget "MarketMomentum" */;
			buildPhases = (
				C886B9912C42C3BF0080CD43 /* Sources */,
				C886B9922C42C3BF0080CD43 /* Frameworks */,
				C886B9932C42C3BF0080CD43 /* Resources */,
			);
			buildRules = (
			);
			dependencies = (
			);
			name = MarketMomentum;
			productName = MarketMomentum;
			productReference = C886B9952C42C3BF0080CD43 /* MarketMomentum.app */;
			productType = "com.apple.product-type.application";
		};
/* End PBXNativeTarget section */

/* Begin PBXProject section */
		C886B98D2C42C3BF0080CD43 /* Project object */ = {
			isa = PBXProject;
			attributes = {
				BuildIndependentTargetsInParallel = 1;
				LastSwiftUpdateCheck = 1520;
				LastUpgradeCheck = 1520;
				TargetAttributes = {
					C886B9942C42C3BF0080CD43 = {
						CreatedOnToolsVersion = 15.2;
					};
				};
			};
			buildConfigurationList = C886B9902C42C3BF0080CD43 /* Build configuration list for PBXProject "MarketMomentum" */;
			compatibilityVersion = "Xcode 14.0";
			developmentRegion = en;
			hasScannedForEncodings = 0;
			knownRegions = (
				en,
				Base,
			);
			mainGroup = C886B98C2C42C3BF0080CD43;
			productRefGroup = C886B9962C42C3BF0080CD43 /* Products */;
			projectDirPath = "";
			projectRoot = "";
			targets = (
				C886B9942C42C3BF0080CD43 /* MarketMomentum */,
			);
		};
/* End PBXProject section */

/* Begin PBXResourcesBuildPhase section */
		C886B9932C42C3BF0080CD43 /* Resources */ = {
			isa = PBXResourcesBuildPhase;
			buildActionMask = 2147483647;
			files = (
				C886B9A02C42C3BF0080CD43 /* Preview Assets.xcassets in Resources */,
				C886B99D2C42C3BF0080CD43 /* Assets.xcassets in Resources */,
			);
			runOnlyForDeploymentPostprocessing = 0;
		};
/* End PBXResourcesBuildPhase section */

/* Begin PBXSourcesBuildPhase section */
		C886B9912C42C3BF0080CD43 /* Sources */ = {
			isa = PBXSourcesBuildPhase;
			buildActionMask = 2147483647;
			files = (
				C886B9A82C42C3FA0080CD43 /* ColorManager.swift in Sources */,
				C8D0FEF82C456E7A00CCC57E /* Secret.swift in Sources */,
				C886B99B2C42C3BF0080CD43 /* ContentView.swift in Sources */,
				C886B9992C42C3BF0080CD43 /* MarketMomentumApp.swift in Sources */,
				C886B9AD2C42C41C0080CD43 /* Stock.swift in Sources */,
				C886B9B12C42C4340080CD43 /* APIKey.swift in Sources */,
				C886B9AB2C42C40D0080CD43 /* Model.swift in Sources */,
				C8D0FEFB2C456F5200CCC57E /* ChartView.swift in Sources */,
			);
			runOnlyForDeploymentPostprocessing = 0;
		};
/* End PBXSourcesBuildPhase section */

/* Begin XCBuildConfiguration section */
		C886B9A12C42C3BF0080CD43 /* Debug */ = {
			isa = XCBuildConfiguration;
			buildSettings = {
				ALWAYS_SEARCH_USER_PATHS = NO;
				ASSETCATALOG_COMPILER_GENERATE_SWIFT_ASSET_SYMBOL_EXTENSIONS = YES;
				CLANG_ANALYZER_NONNULL = YES;
				CLANG_ANALYZER_NUMBER_OBJECT_CONVERSION = YES_AGGRESSIVE;
				CLANG_CXX_LANGUAGE_STANDARD = "gnu++20";
				CLANG_ENABLE_MODULES = YES;
				CLANG_ENABLE_OBJC_ARC = YES;
				CLANG_ENABLE_OBJC_WEAK = YES;
				CLANG_WARN_BLOCK_CAPTURE_AUTORELEASING = YES;
				CLANG_WARN_BOOL_CONVERSION = YES;
				CLANG_WARN_COMMA = YES;
				CLANG_WARN_CONSTANT_CONVERSION = YES;
				CLANG_WARN_DEPRECATED_OBJC_IMPLEMENTATIONS = YES;
				CLANG_WARN_DIRECT_OBJC_ISA_USAGE = YES_ERROR;
				CLANG_WARN_DOCUMENTATION_COMMENTS = YES;
				CLANG_WARN_EMPTY_BODY = YES;
				CLANG_WARN_ENUM_CONVERSION = YES;
				CLANG_WARN_INFINITE_RECURSION = YES;
				CLANG_WARN_INT_CONVERSION = YES;
				CLANG_WARN_NON_LITERAL_NULL_CONVERSION = YES;
				CLANG_WARN_OBJC_IMPLICIT_RETAIN_SELF = YES;
				CLANG_WARN_OBJC_LITERAL_CONVERSION = YES;
				CLANG_WARN_OBJC_ROOT_CLASS = YES_ERROR;
				CLANG_WARN_QUOTED_INCLUDE_IN_FRAMEWORK_HEADER = YES;
				CLANG_WARN_RANGE_LOOP_ANALYSIS = YES;
				CLANG_WARN_STRICT_PROTOTYPES = YES;
				CLANG_WARN_SUSPICIOUS_MOVE = YES;
				CLANG_WARN_UNGUARDED_AVAILABILITY = YES_AGGRESSIVE;
				CLANG_WARN_UNREACHABLE_CODE = YES;
				CLANG_WARN__DUPLICATE_METHOD_MATCH = YES;
				COPY_PHASE_STRIP = NO;
				DEBUG_INFORMATION_FORMAT = dwarf;
				ENABLE_STRICT_OBJC_MSGSEND = YES;
				ENABLE_TESTABILITY = YES;
				ENABLE_USER_SCRIPT_SANDBOXING = YES;
				GCC_C_LANGUAGE_STANDARD = gnu17;
				GCC_DYNAMIC_NO_PIC = NO;
				GCC_NO_COMMON_BLOCKS = YES;
				GCC_OPTIMIZATION_LEVEL = 0;
				GCC_PREPROCESSOR_DEFINITIONS = (
					"DEBUG=1",
					"$(inherited)",
				);
				GCC_WARN_64_TO_32_BIT_CONVERSION = YES;
				GCC_WARN_ABOUT_RETURN_TYPE = YES_ERROR;
				GCC_WARN_UNDECLARED_SELECTOR = YES;
				GCC_WARN_UNINITIALIZED_AUTOS = YES_AGGRESSIVE;
				GCC_WARN_UNUSED_FUNCTION = YES;
				GCC_WARN_UNUSED_VARIABLE = YES;
				IPHONEOS_DEPLOYMENT_TARGET = 17.2;
				LOCALIZATION_PREFERS_STRING_CATALOGS = YES;
				MTL_ENABLE_DEBUG_INFO = INCLUDE_SOURCE;
				MTL_FAST_MATH = YES;
				ONLY_ACTIVE_ARCH = YES;
				SDKROOT = iphoneos;
				SWIFT_ACTIVE_COMPILATION_CONDITIONS = "DEBUG $(inherited)";
				SWIFT_OPTIMIZATION_LEVEL = "-Onone";
			};
			name = Debug;
		};
		C886B9A22C42C3BF0080CD43 /* Release */ = {
			isa = XCBuildConfiguration;
			buildSettings = {
				ALWAYS_SEARCH_USER_PATHS = NO;
				ASSETCATALOG_COMPILER_GENERATE_SWIFT_ASSET_SYMBOL_EXTENSIONS = YES;
				CLANG_ANALYZER_NONNULL = YES;
				CLANG_ANALYZER_NUMBER_OBJECT_CONVERSION = YES_AGGRESSIVE;
				CLANG_CXX_LANGUAGE_STANDARD = "gnu++20";
				CLANG_ENABLE_MODULES = YES;
				CLANG_ENABLE_OBJC_ARC = YES;
				CLANG_ENABLE_OBJC_WEAK = YES;
				CLANG_WARN_BLOCK_CAPTURE_AUTORELEASING = YES;
				CLANG_WARN_BOOL_CONVERSION = YES;
				CLANG_WARN_COMMA = YES;
				CLANG_WARN_CONSTANT_CONVERSION = YES;
				CLANG_WARN_DEPRECATED_OBJC_IMPLEMENTATIONS = YES;
				CLANG_WARN_DIRECT_OBJC_ISA_USAGE = YES_ERROR;
				CLANG_WARN_DOCUMENTATION_COMMENTS = YES;
				CLANG_WARN_EMPTY_BODY = YES;
				CLANG_WARN_ENUM_CONVERSION = YES;
				CLANG_WARN_INFINITE_RECURSION = YES;
				CLANG_WARN_INT_CONVERSION = YES;
				CLANG_WARN_NON_LITERAL_NULL_CONVERSION = YES;
				CLANG_WARN_OBJC_IMPLICIT_RETAIN_SELF = YES;
				CLANG_WARN_OBJC_LITERAL_CONVERSION = YES;
				CLANG_WARN_OBJC_ROOT_CLASS = YES_ERROR;
				CLANG_WARN_QUOTED_INCLUDE_IN_FRAMEWORK_HEADER = YES;
				CLANG_WARN_RANGE_LOOP_ANALYSIS = YES;
				CLANG_WARN_STRICT_PROTOTYPES = YES;
				CLANG_WARN_SUSPICIOUS_MOVE = YES;
				CLANG_WARN_UNGUARDED_AVAILABILITY = YES_AGGRESSIVE;
				CLANG_WARN_UNREACHABLE_CODE = YES;
				CLANG_WARN__DUPLICATE_METHOD_MATCH = YES;
				COPY_PHASE_STRIP = NO;
				DEBUG_INFORMATION_FORMAT = "dwarf-with-dsym";
				ENABLE_NS_ASSERTIONS = NO;
				ENABLE_STRICT_OBJC_MSGSEND = YES;
				ENABLE_USER_SCRIPT_SANDBOXING = YES;
				GCC_C_LANGUAGE_STANDARD = gnu17;
				GCC_NO_COMMON_BLOCKS = YES;
				GCC_WARN_64_TO_32_BIT_CONVERSION = YES;
				GCC_WARN_ABOUT_RETURN_TYPE = YES_ERROR;
				GCC_WARN_UNDECLARED_SELECTOR = YES;
				GCC_WARN_UNINITIALIZED_AUTOS = YES_AGGRESSIVE;
				GCC_WARN_UNUSED_FUNCTION = YES;
				GCC_WARN_UNUSED_VARIABLE = YES;
				IPHONEOS_DEPLOYMENT_TARGET = 17.2;
				LOCALIZATION_PREFERS_STRING_CATALOGS = YES;
				MTL_ENABLE_DEBUG_INFO = NO;
				MTL_FAST_MATH = YES;
				SDKROOT = iphoneos;
				SWIFT_COMPILATION_MODE = wholemodule;
				VALIDATE_PRODUCT = YES;
			};
			name = Release;
		};
		C886B9A42C42C3BF0080CD43 /* Debug */ = {
			isa = XCBuildConfiguration;
			buildSettings = {
				ASSETCATALOG_COMPILER_APPICON_NAME = AppIcon;
				ASSETCATALOG_COMPILER_GLOBAL_ACCENT_COLOR_NAME = AccentColor;
				CODE_SIGN_STYLE = Automatic;
				CURRENT_PROJECT_VERSION = 1;
				DEVELOPMENT_ASSET_PATHS = "\"MarketMomentum/Preview Content\"";
				DEVELOPMENT_TEAM = 9C5QN9KC44;
				ENABLE_PREVIEWS = YES;
				GENERATE_INFOPLIST_FILE = YES;
				INFOPLIST_KEY_UIApplicationSceneManifest_Generation = YES;
				INFOPLIST_KEY_UIApplicationSupportsIndirectInputEvents = YES;
				INFOPLIST_KEY_UILaunchScreen_Generation = YES;
				INFOPLIST_KEY_UISupportedInterfaceOrientations_iPad = "UIInterfaceOrientationPortrait UIInterfaceOrientationPortraitUpsideDown UIInterfaceOrientationLandscapeLeft UIInterfaceOrientationLandscapeRight";
				INFOPLIST_KEY_UISupportedInterfaceOrientations_iPhone = "UIInterfaceOrientationPortrait UIInterfaceOrientationLandscapeLeft UIInterfaceOrientationLandscapeRight";
				LD_RUNPATH_SEARCH_PATHS = (
					"$(inherited)",
					"@executable_path/Frameworks",
				);
				MARKETING_VERSION = 1.0;
				PRODUCT_BUNDLE_IDENTIFIER = VS.MarketMomentum;
				PRODUCT_NAME = "$(TARGET_NAME)";
				SWIFT_EMIT_LOC_STRINGS = YES;
				SWIFT_VERSION = 5.0;
				TARGETED_DEVICE_FAMILY = "1,2";
			};
			name = Debug;
		};
		C886B9A52C42C3BF0080CD43 /* Release */ = {
			isa = XCBuildConfiguration;
			buildSettings = {
				ASSETCATALOG_COMPILER_APPICON_NAME = AppIcon;
				ASSETCATALOG_COMPILER_GLOBAL_ACCENT_COLOR_NAME = AccentColor;
				CODE_SIGN_STYLE = Automatic;
				CURRENT_PROJECT_VERSION = 1;
				DEVELOPMENT_ASSET_PATHS = "\"MarketMomentum/Preview Content\"";
				DEVELOPMENT_TEAM = 9C5QN9KC44;
				ENABLE_PREVIEWS = YES;
				GENERATE_INFOPLIST_FILE = YES;
				INFOPLIST_KEY_UIApplicationSceneManifest_Generation = YES;
				INFOPLIST_KEY_UIApplicationSupportsIndirectInputEvents = YES;
				INFOPLIST_KEY_UILaunchScreen_Generation = YES;
				INFOPLIST_KEY_UISupportedInterfaceOrientations_iPad = "UIInterfaceOrientationPortrait UIInterfaceOrientationPortraitUpsideDown UIInterfaceOrientationLandscapeLeft UIInterfaceOrientationLandscapeRight";
				INFOPLIST_KEY_UISupportedInterfaceOrientations_iPhone = "UIInterfaceOrientationPortrait UIInterfaceOrientationLandscapeLeft UIInterfaceOrientationLandscapeRight";
				LD_RUNPATH_SEARCH_PATHS = (
					"$(inherited)",
					"@executable_path/Frameworks",
				);
				MARKETING_VERSION = 1.0;
				PRODUCT_BUNDLE_IDENTIFIER = VS.MarketMomentum;
				PRODUCT_NAME = "$(TARGET_NAME)";
				SWIFT_EMIT_LOC_STRINGS = YES;
				SWIFT_VERSION = 5.0;
				TARGETED_DEVICE_FAMILY = "1,2";
			};
			name = Release;
		};
/* End XCBuildConfiguration section */

/* Begin XCConfigurationList section */
		C886B9902C42C3BF0080CD43 /* Build configuration list for PBXProject "MarketMomentum" */ = {
			isa = XCConfigurationList;
			buildConfigurations = (
				C886B9A12C42C3BF0080CD43 /* Debug */,
				C886B9A22C42C3BF0080CD43 /* Release */,
			);
			defaultConfigurationIsVisible = 0;
			defaultConfigurationName = Release;
		};
		C886B9A32C42C3BF0080CD43 /* Build configuration list for PBXNativeTarget "MarketMomentum" */ = {
			isa = XCConfigurationList;
			buildConfigurations = (
				C886B9A42C42C3BF0080CD43 /* Debug */,
				C886B9A52C42C3BF0080CD43 /* Release */,
			);
			defaultConfigurationIsVisible = 0;
			defaultConfigurationName = Release;
		};
/* End XCConfigurationList section */
	};
	rootObject = C886B98D2C42C3BF0080CD43 /* Project object */;
}
